
Microsoft Visual Studio Solution File, Format Version 12.00
# Visual Studio Version 16
VisualStudioVersion = 16.0.33130.400
MinimumVisualStudioVersion = 10.0.40219.1
Project("{FAE04EC0-301F-11D3-BF4B-00C04F79EFBC}") = "FaceDetect2", "FaceDetect2.csproj", "{484A83E1-68C2-4BC8-8E64-6FBB43F37F58}"
EndProject
Global
	GlobalSection(SolutionConfigurationPlatforms) = preSolution
		Debug|Any CPU = Debug|Any CPU
		Release|Any CPU = Release|Any CPU
	EndGlobalSection
	GlobalSection(ProjectConfigurationPlatforms) = postSolution
		{484A83E1-68C2-4BC8-8E64-6FBB43F37F58}.Debug|Any CPU.ActiveCfg = Debug|Any CPU
		{484A83E1-68C2-4BC8-8E64-6FBB43F37F58}.Debug|Any CPU.Build.0 = Debug|Any CPU
		{484A83E1-68C2-4BC8-8E64-6FBB43F37F58}.Release|Any CPU.ActiveCfg = Release|Any CPU
		{484A83E1-68C2-4BC8-8E64-6FBB43F37F58}.Release|Any CPU.Build.0 = Release|Any CPU
	EndGlobalSection
	GlobalSection(SolutionProperties) = preSolution
		HideSolutionNode = FALSE
	EndGlobalSection
	GlobalSection(ExtensibilityGlobals) = postSolution
		SolutionGuid = {67A7578E-DD7B-4C81-B56C-279F6784E921}
	EndGlobalSection
EndGlobal
